
Microsoft Visual Studio Solution File, Format Version 12.00
# Visual Studio 2013
VisualStudioVersion = 12.0.21005.1
MinimumVisualStudioVersion = 10.0.40219.1
Project("{E24C65DC-7377-472B-9ABA-BC803B73C61A}") = "jquery-mass-select", "http://localhost:4262", "{252A8031-FD3F-49DC-B00A-B715FA359A55}"
	ProjectSection(WebsiteProperties) = preProject
		UseIISExpress = "true"
		TargetFrameworkMoniker = ".NETFramework,Version%3Dv4.0"
		Debug.AspNetCompiler.VirtualPath = "/localhost_4262"
		Debug.AspNetCompiler.PhysicalPath = "..\..\..\GitHub\jquery-mass-select\"
		Debug.AspNetCompiler.TargetPath = "PrecompiledWeb\localhost_4262\"
		Debug.AspNetCompiler.Updateable = "true"
		Debug.AspNetCompiler.ForceOverwrite = "true"
		Debug.AspNetCompiler.FixedNames = "false"
		Debug.AspNetCompiler.Debug = "True"
		Release.AspNetCompiler.VirtualPath = "/localhost_4262"
		Release.AspNetCompiler.PhysicalPath = "..\..\..\GitHub\jquery-mass-select\"
		Release.AspNetCompiler.TargetPath = "PrecompiledWeb\localhost_4262\"
		Release.AspNetCompiler.Updateable = "true"
		Release.AspNetCompiler.ForceOverwrite = "true"
		Release.AspNetCompiler.FixedNames = "false"
		Release.AspNetCompiler.Debug = "False"
		SlnRelativePath = "..\..\..\GitHub\jquery-mass-select\"
	EndProjectSection
EndProject
Global
	GlobalSection(SolutionConfigurationPlatforms) = preSolution
		Debug|Any CPU = Debug|Any CPU
	EndGlobalSection
	GlobalSection(ProjectConfigurationPlatforms) = postSolution
		{252A8031-FD3F-49DC-B00A-B715FA359A55}.Debug|Any CPU.ActiveCfg = Debug|Any CPU
		{252A8031-FD3F-49DC-B00A-B715FA359A55}.Debug|Any CPU.Build.0 = Debug|Any CPU
	EndGlobalSection
	GlobalSection(SolutionProperties) = preSolution
		HideSolutionNode = FALSE
	EndGlobalSection
EndGlobal
